
Microsoft Visual Studio Solution File, Format Version 12.00
# Visual Studio Version 16
VisualStudioVersion = 16.0.30309.148
MinimumVisualStudioVersion = 10.0.40219.1
Project("{00D1A9C2-B5F0-4AF3-8072-F6C62B433612}") = "SQLWATCH", "Project.SqlWatch.Database\SQLWATCH.sqlproj", "{DFAC46EF-72EB-4A88-96AB-F7D1A96E9E1C}"
EndProject
Project("{159641D6-6404-4A2A-AE62-294DE0FE8301}") = "SqlWatch Integration Services", "Project.SqlWatch.IntegrationServices\SqlWatch Integration Services.dtproj", "{1CF8A3B2-AF2B-4180-AC9A-0D53F0988281}"
EndProject
Project("{FAE04EC0-301F-11D3-BF4B-00C04F79EFBC}") = "SqlWatchImport", "Project.SqlWatchImport\SqlWatchImport.csproj", "{B228A424-9971-4A51-815E-A6AF37D560AA}"
EndProject
Global
	GlobalSection(SolutionConfigurationPlatforms) = preSolution
		Debug|Any CPU = Debug|Any CPU
		Development|Any CPU = Development|Any CPU
		Release|Any CPU = Release|Any CPU
	EndGlobalSection
	GlobalSection(ProjectConfigurationPlatforms) = postSolution
		{DFAC46EF-72EB-4A88-96AB-F7D1A96E9E1C}.Debug|Any CPU.ActiveCfg = Debug|Any CPU
		{DFAC46EF-72EB-4A88-96AB-F7D1A96E9E1C}.Debug|Any CPU.Build.0 = Debug|Any CPU
		{DFAC46EF-72EB-4A88-96AB-F7D1A96E9E1C}.Debug|Any CPU.Deploy.0 = Debug|Any CPU
		{DFAC46EF-72EB-4A88-96AB-F7D1A96E9E1C}.Development|Any CPU.ActiveCfg = Debug|Any CPU
		{DFAC46EF-72EB-4A88-96AB-F7D1A96E9E1C}.Development|Any CPU.Build.0 = Debug|Any CPU
		{DFAC46EF-72EB-4A88-96AB-F7D1A96E9E1C}.Development|Any CPU.Deploy.0 = Debug|Any CPU
		{DFAC46EF-72EB-4A88-96AB-F7D1A96E9E1C}.Release|Any CPU.ActiveCfg = Release|Any CPU
		{DFAC46EF-72EB-4A88-96AB-F7D1A96E9E1C}.Release|Any CPU.Build.0 = Release|Any CPU
		{DFAC46EF-72EB-4A88-96AB-F7D1A96E9E1C}.Release|Any CPU.Deploy.0 = Release|Any CPU
		{1CF8A3B2-AF2B-4180-AC9A-0D53F0988281}.Debug|Any CPU.ActiveCfg = Development
		{1CF8A3B2-AF2B-4180-AC9A-0D53F0988281}.Debug|Any CPU.Build.0 = Development
		{1CF8A3B2-AF2B-4180-AC9A-0D53F0988281}.Development|Any CPU.ActiveCfg = Development
		{1CF8A3B2-AF2B-4180-AC9A-0D53F0988281}.Development|Any CPU.Build.0 = Development
		{1CF8A3B2-AF2B-4180-AC9A-0D53F0988281}.Release|Any CPU.ActiveCfg = Development
		{1CF8A3B2-AF2B-4180-AC9A-0D53F0988281}.Release|Any CPU.Build.0 = Development
		{B228A424-9971-4A51-815E-A6AF37D560AA}.Debug|Any CPU.ActiveCfg = Debug|Any CPU
		{B228A424-9971-4A51-815E-A6AF37D560AA}.Debug|Any CPU.Build.0 = Debug|Any CPU
		{B228A424-9971-4A51-815E-A6AF37D560AA}.Development|Any CPU.ActiveCfg = Debug|Any CPU
		{B228A424-9971-4A51-815E-A6AF37D560AA}.Development|Any CPU.Build.0 = Debug|Any CPU
		{B228A424-9971-4A51-815E-A6AF37D560AA}.Release|Any CPU.ActiveCfg = Release|Any CPU
		{B228A424-9971-4A51-815E-A6AF37D560AA}.Release|Any CPU.Build.0 = Release|Any CPU
	EndGlobalSection
	GlobalSection(SolutionProperties) = preSolution
		HideSolutionNode = FALSE
	EndGlobalSection
	GlobalSection(ExtensibilityGlobals) = postSolution
		SolutionGuid = {9B814C30-98C7-4C11-BC36-2DEC53763A3B}
	EndGlobalSection
EndGlobal
